
Microsoft Visual Studio Solution File, Format Version 12.00
# Visual Studio Version 16
VisualStudioVersion = 16.0.29209.62
MinimumVisualStudioVersion = 10.0.40219.1
Project("{888888A0-9F3D-457C-B088-3A5042F75D52}") = "ChatRobot", "ChatRobot\ChatRobot.pyproj", "{B71BAA6F-CE40-4B52-AC84-2AB13E213325}"
EndProject
Global
	GlobalSection(SolutionConfigurationPlatforms) = preSolution
		Debug|Any CPU = Debug|Any CPU
		Release|Any CPU = Release|Any CPU
	EndGlobalSection
	GlobalSection(ProjectConfigurationPlatforms) = postSolution
		{B71BAA6F-CE40-4B52-AC84-2AB13E213325}.Debug|Any CPU.ActiveCfg = Debug|Any CPU
		{B71BAA6F-CE40-4B52-AC84-2AB13E213325}.Release|Any CPU.ActiveCfg = Release|Any CPU
	EndGlobalSection
	GlobalSection(SolutionProperties) = preSolution
		HideSolutionNode = FALSE
	EndGlobalSection
	GlobalSection(ExtensibilityGlobals) = postSolution
		SolutionGuid = {B91A7CAC-F5E7-4ADC-993D-F3CF7903EDF6}
	EndGlobalSection
EndGlobal
